// !$*UTF8*$!
{
	archiveVersion = 1;
	classes = {
	};
	objectVersion = 46;
	objects = {

/* Begin PBXBuildFile section */
		19F4574D1CDAEEAB0071C985 /* ResourcePath.mm in Sources */ = {isa = PBXBuildFile; fileRef = 19F4574C1CDAEEAB0071C985 /* ResourcePath.mm */; };
		19F457501CDAEEAB0071C985 /* main.cpp in Sources */ = {isa = PBXBuildFile; fileRef = 19F4574F1CDAEEAB0071C985 /* main.cpp */; };
		19F457531CDAEEAB0071C985 /* cute_image.jpg in Resources */ = {isa = PBXBuildFile; fileRef = 19F457521CDAEEAB0071C985 /* cute_image.jpg */; };
		19F457551CDAEEAB0071C985 /* nice_music.ogg in Resources */ = {isa = PBXBuildFile; fileRef = 19F457541CDAEEAB0071C985 /* nice_music.ogg */; };
		19F457571CDAEEAB0071C985 /* sansation.ttf in Resources */ = {isa = PBXBuildFile; fileRef = 19F457561CDAEEAB0071C985 /* sansation.ttf */; };
		19F457591CDAEEAB0071C985 /* icon.png in Resources */ = {isa = PBXBuildFile; fileRef = 19F457581CDAEEAB0071C985 /* icon.png */; };
/* End PBXBuildFile section */

/* Begin PBXFileReference section */
		19F457471CDAEEAB0071C985 /* MarioRect.app */ = {isa = PBXFileReference; explicitFileType = wrapper.application; includeInIndex = 0; path = MarioRect.app; sourceTree = BUILT_PRODUCTS_DIR; };
		19F4574B1CDAEEAB0071C985 /* MarioRect-Info.plist */ = {isa = PBXFileReference; lastKnownFileType = text.plist.xml; path = "MarioRect-Info.plist"; sourceTree = "<group>"; };
		19F4574C1CDAEEAB0071C985 /* ResourcePath.mm */ = {isa = PBXFileReference; lastKnownFileType = sourcecode.cpp.objcpp; path = ResourcePath.mm; sourceTree = "<group>"; };
		19F4574E1CDAEEAB0071C985 /* ResourcePath.hpp */ = {isa = PBXFileReference; lastKnownFileType = sourcecode.cpp.h; path = ResourcePath.hpp; sourceTree = "<group>"; };
		19F4574F1CDAEEAB0071C985 /* main.cpp */ = {isa = PBXFileReference; lastKnownFileType = sourcecode.cpp.cpp; path = main.cpp; sourceTree = "<group>"; };
		19F457521CDAEEAB0071C985 /* cute_image.jpg */ = {isa = PBXFileReference; lastKnownFileType = image.jpeg; path = cute_image.jpg; sourceTree = "<group>"; };
		19F457541CDAEEAB0071C985 /* nice_music.ogg */ = {isa = PBXFileReference; lastKnownFileType = file; path = nice_music.ogg; sourceTree = "<group>"; };
		19F457561CDAEEAB0071C985 /* sansation.ttf */ = {isa = PBXFileReference; lastKnownFileType = file; path = sansation.ttf; sourceTree = "<group>"; };
		19F457581CDAEEAB0071C985 /* icon.png */ = {isa = PBXFileReference; lastKnownFileType = image.png; path = icon.png; sourceTree = "<group>"; };
/* End PBXFileReference section */

/* Begin PBXFrameworksBuildPhase section */
		19F457431CDAEEAB0071C985 /* Frameworks */ = {
			isa = PBXFrameworksBuildPhase;
			buildActionMask = 2147483647;
			files = (
			);
			runOnlyForDeploymentPostprocessing = 0;
		};
/* End PBXFrameworksBuildPhase section */

/* Begin PBXGroup section */
		19F4573D1CDAEEAB0071C985 = {
			isa = PBXGroup;
			children = (
				19F457491CDAEEAB0071C985 /* MarioRect */,
				19F457481CDAEEAB0071C985 /* Products */,
			);
			sourceTree = "<group>";
		};
		19F457481CDAEEAB0071C985 /* Products */ = {
			isa = PBXGroup;
			children = (
				19F457471CDAEEAB0071C985 /* MarioRect.app */,
			);
			name = Products;
			sourceTree = "<group>";
		};
		19F457491CDAEEAB0071C985 /* MarioRect */ = {
			isa = PBXGroup;
			children = (
				19F4574C1CDAEEAB0071C985 /* ResourcePath.mm */,
				19F4574E1CDAEEAB0071C985 /* ResourcePath.hpp */,
				19F4574F1CDAEEAB0071C985 /* main.cpp */,
				19F457511CDAEEAB0071C985 /* Resources */,
				19F4574A1CDAEEAB0071C985 /* Supporting Files */,
			);
			path = MarioRect;
			sourceTree = "<group>";
		};
		19F4574A1CDAEEAB0071C985 /* Supporting Files */ = {
			isa = PBXGroup;
			children = (
				19F4574B1CDAEEAB0071C985 /* MarioRect-Info.plist */,
			);
			name = "Supporting Files";
			sourceTree = "<group>";
		};
		19F457511CDAEEAB0071C985 /* Resources */ = {
			isa = PBXGroup;
			children = (
				19F457521CDAEEAB0071C985 /* cute_image.jpg */,
				19F457541CDAEEAB0071C985 /* nice_music.ogg */,
				19F457561CDAEEAB0071C985 /* sansation.ttf */,
				19F457581CDAEEAB0071C985 /* icon.png */,
			);
			name = Resources;
			sourceTree = "<group>";
		};
/* End PBXGroup section */

/* Begin PBXNativeTarget section */
		19F457461CDAEEAB0071C985 /* MarioRect */ = {
			isa = PBXNativeTarget;
			buildConfigurationList = 19F4575C1CDAEEAB0071C985 /* Build configuration list for PBXNativeTarget "MarioRect" */;
			buildPhases = (
				19F457421CDAEEAB0071C985 /* Sources */,
				19F457431CDAEEAB0071C985 /* Frameworks */,
				19F457441CDAEEAB0071C985 /* Resources */,
				19F457451CDAEEAB0071C985 /* ShellScript */,
			);
			buildRules = (
			);
			dependencies = (
			);
			name = MarioRect;
			productName = MarioRect;
			productReference = 19F457471CDAEEAB0071C985 /* MarioRect.app */;
			productType = "com.apple.product-type.application";
		};
/* End PBXNativeTarget section */

/* Begin PBXProject section */
		19F4573E1CDAEEAB0071C985 /* Project object */ = {
			isa = PBXProject;
			attributes = {
				LastUpgradeCheck = 0730;
				ORGANIZATIONNAME = "Ali Fenton";
				TargetAttributes = {
					19F457461CDAEEAB0071C985 = {
						CreatedOnToolsVersion = 7.3;
					};
				};
			};
			buildConfigurationList = 19F457411CDAEEAB0071C985 /* Build configuration list for PBXProject "MarioRect" */;
			compatibilityVersion = "Xcode 3.2";
			developmentRegion = English;
			hasScannedForEncodings = 0;
			knownRegions = (
				en,
			);
			mainGroup = 19F4573D1CDAEEAB0071C985;
			productRefGroup = 19F457481CDAEEAB0071C985 /* Products */;
			projectDirPath = "";
			projectRoot = "";
			targets = (
				19F457461CDAEEAB0071C985 /* MarioRect */,
			);
		};
/* End PBXProject section */

/* Begin PBXResourcesBuildPhase section */
		19F457441CDAEEAB0071C985 /* Resources */ = {
			isa = PBXResourcesBuildPhase;
			buildActionMask = 2147483647;
			files = (
				19F457591CDAEEAB0071C985 /* icon.png in Resources */,
				19F457571CDAEEAB0071C985 /* sansation.ttf in Resources */,
				19F457551CDAEEAB0071C985 /* nice_music.ogg in Resources */,
				19F457531CDAEEAB0071C985 /* cute_image.jpg in Resources */,
			);
			runOnlyForDeploymentPostprocessing = 0;
		};
/* End PBXResourcesBuildPhase section */

/* Begin PBXShellScriptBuildPhase section */
		19F457451CDAEEAB0071C985 /* ShellScript */ = {
			isa = PBXShellScriptBuildPhase;
			buildActionMask = 2147483647;
			files = (
			);
			inputPaths = (
			);
			outputPaths = (
			);
			runOnlyForDeploymentPostprocessing = 0;
			shellPath = /bin/sh;
			shellScript = "# This shell script simply copies required SFML dylibs/frameworks into the application bundle frameworks folder.\n# If you're using static libraries (which is not recommended) you should remove this script from your project.\n\n# SETTINGS\nCMAKE_INSTALL_FRAMEWORK_PREFIX=\"/Library/Frameworks\"\nCMAKE_INSTALL_LIB_PREFIX=\"/usr/local/lib\"\nFRAMEWORKS_FULL_PATH=\"$BUILT_PRODUCTS_DIR/$FRAMEWORKS_FOLDER_PATH/\"\n\n# Are we building a project that uses frameworks or dylibs?\ncase \"$SFML_BINARY_TYPE\" in\n    DYLIBS)\n        frameworks=\"false\"\n        ;;\n    *)\n        frameworks=\"true\"\n        ;;\nesac\n\n# Echoes to stderr\nerror () # $* message to display\n{\n    echo $* 1>&2\n    exit 2\n}\n\nassert () # $1 is a boolean, $2...N is an error message\n{\n    if [ $# -lt 2 ]\n    then\n        error \"Internal error in assert: not enough args\"\n    fi\n\n    if [ $1 -ne 0 ]\n    then\n        shift\n        error \"$*\"\n    fi\n}\n\nforce_remove () # $@ is some paths\n{\n    test $# -ge 1\n    assert $? \"force_remove() requires at least one parameter\"\n    rm -fr $@\n    assert $? \"couldn't remove $@\"\n}\n\ncopy () # $1 is a source, $2 is a destination\n{\n    test $# -eq 2\n    assert $? \"copy() requires two parameters\"\n    ditto \"$1\" \"$2\"\n    assert $? \"couldn't copy $1 to $2\"\n}\n\nrequire () # $1 is a SFML module like 'system' or 'audio'\n{\n    dest=\"$BUILT_PRODUCTS_DIR/$FRAMEWORKS_FOLDER_PATH/\"\n\n    if [ -z \"$1\" ]\n    then\n        error \"require() requires one parameter!\"\n    else\n        # clean potentially old stuff\n        force_remove \"$dest/libsfml-$1\"*\n        force_remove \"$dest/sfml-$1.framework\"\n\n        # copy SFML libraries\n        if [ \"$frameworks\" = \"true\" ]\n        then\n            source=\"$CMAKE_INSTALL_FRAMEWORK_PREFIX/sfml-$1.framework\"\n            target=\"sfml-$1.framework\"\n        elif [ \"$SFML_LINK_DYLIBS_SUFFIX\" = \"-d\" ]\n        then\n            source=\"$CMAKE_INSTALL_LIB_PREFIX/libsfml-$1-d.dylib\"\n            target=\"`readlink $source`\"\n        else\n            source=\"$CMAKE_INSTALL_LIB_PREFIX/libsfml-$1.dylib\"\n            target=\"`readlink $source`\"\n        fi\n\n        copy \"$source\" \"$dest/$target\"\n\n        # copy extra dependencies\n        if [ \"$1\" = \"audio\" ]\n        then\n            # copy \"FLAC\" \"ogg\" \"vorbis\" \"vorbisenc\" \"vorbisfile\" \"OpenAL\" frameworks too\n            for f in \"FLAC\" \"ogg\" \"vorbis\" \"vorbisenc\" \"vorbisfile\" \"OpenAL\"\n            do\n                copy \"$CMAKE_INSTALL_FRAMEWORK_PREFIX/$f.framework\" \"$dest/$f.framework\"\n            done\n        elif [ \"$1\" = \"graphics\" ]\n        then\n            copy \"$CMAKE_INSTALL_FRAMEWORK_PREFIX/freetype.framework\" \"$dest/freetype.framework\"\n        fi\n    fi\n}\n\nif [ -n \"$SFML_SYSTEM\" ]\nthen\n    require \"system\"\nfi\n\nif [ -n \"$SFML_AUDIO\" ]\nthen\n    require \"audio\"\nfi\n\nif [ -n \"$SFML_NETWORK\" ]\nthen\n    require \"network\"\nfi\n\nif [ -n \"$SFML_WINDOW\" ]\nthen\n    require \"window\"\nfi\n\nif [ -n \"$SFML_GRAPHICS\" ]\nthen\n    require \"graphics\"\nfi\n\n                ";
		};
/* End PBXShellScriptBuildPhase section */

/* Begin PBXSourcesBuildPhase section */
		19F457421CDAEEAB0071C985 /* Sources */ = {
			isa = PBXSourcesBuildPhase;
			buildActionMask = 2147483647;
			files = (
				19F457501CDAEEAB0071C985 /* main.cpp in Sources */,
				19F4574D1CDAEEAB0071C985 /* ResourcePath.mm in Sources */,
			);
			runOnlyForDeploymentPostprocessing = 0;
		};
/* End PBXSourcesBuildPhase section */

/* Begin XCBuildConfiguration section */
		19F4575A1CDAEEAB0071C985 /* Debug */ = {
			isa = XCBuildConfiguration;
			buildSettings = {
				ARCHS = (
					i386,
					x86_64,
				);
				CLANG_CXX_LANGUAGE_STANDARD = "c++0x";
				CLANG_CXX_LIBRARY = "libc++";
				FRAMEWORK_SEARCH_PATHS = (
					/Library/Frameworks/,
					"$(inherited)",
				);
				GCC_VERSION = com.apple.compilers.llvm.clang.1_0;
				HEADER_SEARCH_PATHS = (
					/usr/local/include/,
					"$(inherited)",
				);
				LIBRARY_SEARCH_PATHS = (
					/usr/local/lib/,
					"$(inherited)",
				);
				MACOSX_DEPLOYMENT_TARGET = 10.7;
				OTHER_LDFLAGS = (
					"$(inherited)",
					"$(SFML_SYSTEM)",
					"$(SFML_WINDOW)",
					"$(SFML_GRAPHICS)",
					"$(SFML_AUDIO)",
					"$(SFML_NETWORK)",
				);
				SFML_AUDIO = "$(SFML_LINK_PREFIX) sfml-audio$(SFML_LINK_SUFFIX)";
				SFML_BINARY_TYPE = FRAMEWORKS;
				SFML_GRAPHICS = "$(SFML_LINK_PREFIX) sfml-graphics$(SFML_LINK_SUFFIX)";
				SFML_LINK_DYLIBS_PREFIX = "-l";
				SFML_LINK_DYLIBS_SUFFIX = "";
				SFML_LINK_FRAMEWORKS_PREFIX = "-framework";
				SFML_LINK_FRAMEWORKS_SUFFIX = "";
				SFML_LINK_PREFIX = "$(SFML_LINK_$(SFML_BINARY_TYPE)_PREFIX)";
				SFML_LINK_SUFFIX = "$(SFML_LINK_$(SFML_BINARY_TYPE)_SUFFIX)";
				SFML_NETWORK = "$(SFML_LINK_PREFIX) sfml-network$(SFML_LINK_SUFFIX)";
				SFML_SYSTEM = "$(SFML_LINK_PREFIX) sfml-system$(SFML_LINK_SUFFIX)";
				SFML_WINDOW = "$(SFML_LINK_PREFIX) sfml-window$(SFML_LINK_SUFFIX)";
				SUPPORTED_PLATFORMS = macosx;
			};
			name = Debug;
		};
		19F4575B1CDAEEAB0071C985 /* Release */ = {
			isa = XCBuildConfiguration;
			buildSettings = {
				ARCHS = (
					i386,
					x86_64,
				);
				CLANG_CXX_LANGUAGE_STANDARD = "c++0x";
				CLANG_CXX_LIBRARY = "libc++";
				FRAMEWORK_SEARCH_PATHS = (
					/Library/Frameworks/,
					"$(inherited)",
				);
				GCC_VERSION = com.apple.compilers.llvm.clang.1_0;
				HEADER_SEARCH_PATHS = (
					/usr/local/include/,
					"$(inherited)",
				);
				LIBRARY_SEARCH_PATHS = (
					/usr/local/lib/,
					"$(inherited)",
				);
				MACOSX_DEPLOYMENT_TARGET = 10.7;
				OTHER_LDFLAGS = (
					"$(inherited)",
					"$(SFML_SYSTEM)",
					"$(SFML_WINDOW)",
					"$(SFML_GRAPHICS)",
					"$(SFML_AUDIO)",
					"$(SFML_NETWORK)",
				);
				SFML_AUDIO = "$(SFML_LINK_PREFIX) sfml-audio$(SFML_LINK_SUFFIX)";
				SFML_BINARY_TYPE = FRAMEWORKS;
				SFML_GRAPHICS = "$(SFML_LINK_PREFIX) sfml-graphics$(SFML_LINK_SUFFIX)";
				SFML_LINK_DYLIBS_PREFIX = "-l";
				SFML_LINK_DYLIBS_SUFFIX = "";
				SFML_LINK_FRAMEWORKS_PREFIX = "-framework";
				SFML_LINK_FRAMEWORKS_SUFFIX = "";
				SFML_LINK_PREFIX = "$(SFML_LINK_$(SFML_BINARY_TYPE)_PREFIX)";
				SFML_LINK_SUFFIX = "$(SFML_LINK_$(SFML_BINARY_TYPE)_SUFFIX)";
				SFML_NETWORK = "$(SFML_LINK_PREFIX) sfml-network$(SFML_LINK_SUFFIX)";
				SFML_SYSTEM = "$(SFML_LINK_PREFIX) sfml-system$(SFML_LINK_SUFFIX)";
				SFML_WINDOW = "$(SFML_LINK_PREFIX) sfml-window$(SFML_LINK_SUFFIX)";
				SUPPORTED_PLATFORMS = macosx;
			};
			name = Release;
		};
		19F4575D1CDAEEAB0071C985 /* Debug */ = {
			isa = XCBuildConfiguration;
			buildSettings = {
				INFOPLIST_FILE = "MarioRect/MarioRect-Info.plist";
				LD_RUNPATH_SEARCH_PATHS = "@loader_path/../Frameworks";
				PRODUCT_NAME = "$(TARGET_NAME)";
			};
			name = Debug;
		};
		19F4575E1CDAEEAB0071C985 /* Release */ = {
			isa = XCBuildConfiguration;
			buildSettings = {
				INFOPLIST_FILE = "MarioRect/MarioRect-Info.plist";
				LD_RUNPATH_SEARCH_PATHS = "@loader_path/../Frameworks";
				PRODUCT_NAME = "$(TARGET_NAME)";
			};
			name = Release;
		};
/* End XCBuildConfiguration section */

/* Begin XCConfigurationList section */
		19F457411CDAEEAB0071C985 /* Build configuration list for PBXProject "MarioRect" */ = {
			isa = XCConfigurationList;
			buildConfigurations = (
				19F4575A1CDAEEAB0071C985 /* Debug */,
				19F4575B1CDAEEAB0071C985 /* Release */,
			);
			defaultConfigurationIsVisible = 0;
			defaultConfigurationName = Release;
		};
		19F4575C1CDAEEAB0071C985 /* Build configuration list for PBXNativeTarget "MarioRect" */ = {
			isa = XCConfigurationList;
			buildConfigurations = (
				19F4575D1CDAEEAB0071C985 /* Debug */,
				19F4575E1CDAEEAB0071C985 /* Release */,
			);
			defaultConfigurationIsVisible = 0;
		};
/* End XCConfigurationList section */
	};
	rootObject = 19F4573E1CDAEEAB0071C985 /* Project object */;
}
